
Microsoft Visual Studio Solution File, Format Version 12.00
# Visual Studio Version 17
VisualStudioVersion = 17.7.34031.279
MinimumVisualStudioVersion = 10.0.40219.1
Project("{FAE04EC0-301F-11D3-BF4B-00C04F79EFBC}") = "ImageTest", "ImageTest\ImageTest.csproj", "{CA4CE2FD-9222-4D02-BEC6-D3CF41C75416}"
EndProject
Global
	GlobalSection(SolutionConfigurationPlatforms) = preSolution
		Debug|Any CPU = Debug|Any CPU
		Release|Any CPU = Release|Any CPU
	EndGlobalSection
	GlobalSection(ProjectConfigurationPlatforms) = postSolution
		{CA4CE2FD-9222-4D02-BEC6-D3CF41C75416}.Debug|Any CPU.ActiveCfg = Debug|Any CPU
		{CA4CE2FD-9222-4D02-BEC6-D3CF41C75416}.Debug|Any CPU.Build.0 = Debug|Any CPU
		{CA4CE2FD-9222-4D02-BEC6-D3CF41C75416}.Release|Any CPU.ActiveCfg = Release|Any CPU
		{CA4CE2FD-9222-4D02-BEC6-D3CF41C75416}.Release|Any CPU.Build.0 = Release|Any CPU
	EndGlobalSection
	GlobalSection(SolutionProperties) = preSolution
		HideSolutionNode = FALSE
	EndGlobalSection
	GlobalSection(ExtensibilityGlobals) = postSolution
		SolutionGuid = {53959D01-FDB1-49FE-9940-EAF80E5F7BD2}
	EndGlobalSection
EndGlobal
