
Microsoft Visual Studio Solution File, Format Version 12.00
# Visual Studio Version 17
VisualStudioVersion = 17.5.33627.172
MinimumVisualStudioVersion = 10.0.40219.1
Project("{9A19103F-16F7-4668-BE54-9A1E7A4F7556}") = "MyFirstProject", "MyFirstProject\MyFirstProject.csproj", "{4EEFCEC2-4A4E-4C9C-9F9C-89CBF90DFFA8}"
EndProject
Project("{9A19103F-16F7-4668-BE54-9A1E7A4F7556}") = "MyFirstProject.Core", "MyFirstProject.Core\MyFirstProject.Core.csproj", "{F2B4A5EB-F469-4B98-AC9E-05C47D433FDE}"
EndProject
Project("{9A19103F-16F7-4668-BE54-9A1E7A4F7556}") = "MyFirstProject.Data", "MyFirstProject.Data\MyFirstProject.Data.csproj", "{32AD9096-04B2-4491-AD69-CA25343186AF}"
EndProject
Project("{FAE04EC0-301F-11D3-BF4B-00C04F79EFBC}") = "AuthoTest", "AuthoTest\AuthoTest.csproj", "{4D3F8AA0-F005-483B-BA60-8BB63E2516EC}"
EndProject
Global
	GlobalSection(SolutionConfigurationPlatforms) = preSolution
		Debug|Any CPU = Debug|Any CPU
		Release|Any CPU = Release|Any CPU
	EndGlobalSection
	GlobalSection(ProjectConfigurationPlatforms) = postSolution
		{4EEFCEC2-4A4E-4C9C-9F9C-89CBF90DFFA8}.Debug|Any CPU.ActiveCfg = Debug|Any CPU
		{4EEFCEC2-4A4E-4C9C-9F9C-89CBF90DFFA8}.Debug|Any CPU.Build.0 = Debug|Any CPU
		{4EEFCEC2-4A4E-4C9C-9F9C-89CBF90DFFA8}.Release|Any CPU.ActiveCfg = Release|Any CPU
		{4EEFCEC2-4A4E-4C9C-9F9C-89CBF90DFFA8}.Release|Any CPU.Build.0 = Release|Any CPU
		{F2B4A5EB-F469-4B98-AC9E-05C47D433FDE}.Debug|Any CPU.ActiveCfg = Debug|Any CPU
		{F2B4A5EB-F469-4B98-AC9E-05C47D433FDE}.Debug|Any CPU.Build.0 = Debug|Any CPU
		{F2B4A5EB-F469-4B98-AC9E-05C47D433FDE}.Release|Any CPU.ActiveCfg = Release|Any CPU
		{F2B4A5EB-F469-4B98-AC9E-05C47D433FDE}.Release|Any CPU.Build.0 = Release|Any CPU
		{32AD9096-04B2-4491-AD69-CA25343186AF}.Debug|Any CPU.ActiveCfg = Debug|Any CPU
		{32AD9096-04B2-4491-AD69-CA25343186AF}.Debug|Any CPU.Build.0 = Debug|Any CPU
		{32AD9096-04B2-4491-AD69-CA25343186AF}.Release|Any CPU.ActiveCfg = Release|Any CPU
		{32AD9096-04B2-4491-AD69-CA25343186AF}.Release|Any CPU.Build.0 = Release|Any CPU
		{4D3F8AA0-F005-483B-BA60-8BB63E2516EC}.Debug|Any CPU.ActiveCfg = Debug|Any CPU
		{4D3F8AA0-F005-483B-BA60-8BB63E2516EC}.Debug|Any CPU.Build.0 = Debug|Any CPU
		{4D3F8AA0-F005-483B-BA60-8BB63E2516EC}.Release|Any CPU.ActiveCfg = Release|Any CPU
		{4D3F8AA0-F005-483B-BA60-8BB63E2516EC}.Release|Any CPU.Build.0 = Release|Any CPU
	EndGlobalSection
	GlobalSection(SolutionProperties) = preSolution
		HideSolutionNode = FALSE
	EndGlobalSection
	GlobalSection(ExtensibilityGlobals) = postSolution
		SolutionGuid = {32DFDE8C-7961-43B0-BB75-F3763EEBB900}
	EndGlobalSection
EndGlobal
