
Microsoft Visual Studio Solution File, Format Version 12.00
# Visual Studio Version 17
VisualStudioVersion = 17.7.34031.279
MinimumVisualStudioVersion = 10.0.40219.1
Project("{FAE04EC0-301F-11D3-BF4B-00C04F79EFBC}") = "RealEstate", "RealEstate\RealEstate.csproj", "{257E13C1-23D4-40F7-A3BB-B54995E105AF}"
EndProject
Global
	GlobalSection(SolutionConfigurationPlatforms) = preSolution
		Debug|Any CPU = Debug|Any CPU
		Release|Any CPU = Release|Any CPU
	EndGlobalSection
	GlobalSection(ProjectConfigurationPlatforms) = postSolution
		{257E13C1-23D4-40F7-A3BB-B54995E105AF}.Debug|Any CPU.ActiveCfg = Debug|Any CPU
		{257E13C1-23D4-40F7-A3BB-B54995E105AF}.Debug|Any CPU.Build.0 = Debug|Any CPU
		{257E13C1-23D4-40F7-A3BB-B54995E105AF}.Release|Any CPU.ActiveCfg = Release|Any CPU
		{257E13C1-23D4-40F7-A3BB-B54995E105AF}.Release|Any CPU.Build.0 = Release|Any CPU
	EndGlobalSection
	GlobalSection(SolutionProperties) = preSolution
		HideSolutionNode = FALSE
	EndGlobalSection
	GlobalSection(ExtensibilityGlobals) = postSolution
		SolutionGuid = {11C5DA02-BDB7-4B03-B30B-581F00127C10}
	EndGlobalSection
EndGlobal
