
Microsoft Visual Studio Solution File, Format Version 12.00
# Visual Studio Version 17
VisualStudioVersion = 17.7.34031.279
MinimumVisualStudioVersion = 10.0.40219.1
Project("{FAE04EC0-301F-11D3-BF4B-00C04F79EFBC}") = "MyArticles", "MyArticles\MyArticles.csproj", "{DBA3A57D-570C-4266-8DC1-899CC52F7067}"
EndProject
Project("{FAE04EC0-301F-11D3-BF4B-00C04F79EFBC}") = "MyArticles.Core", "MyArticles.Core\MyArticles.Core.csproj", "{0E6DB0D7-663F-4EE8-92C7-FC509479785D}"
EndProject
Project("{FAE04EC0-301F-11D3-BF4B-00C04F79EFBC}") = "MyArticles.Data", "MyArticles.Data\MyArticles.Data.csproj", "{D7ED4A74-5F5F-4828-94AF-DA1089B8A3EE}"
EndProject
Global
	GlobalSection(SolutionConfigurationPlatforms) = preSolution
		Debug|Any CPU = Debug|Any CPU
		Release|Any CPU = Release|Any CPU
	EndGlobalSection
	GlobalSection(ProjectConfigurationPlatforms) = postSolution
		{DBA3A57D-570C-4266-8DC1-899CC52F7067}.Debug|Any CPU.ActiveCfg = Debug|Any CPU
		{DBA3A57D-570C-4266-8DC1-899CC52F7067}.Debug|Any CPU.Build.0 = Debug|Any CPU
		{DBA3A57D-570C-4266-8DC1-899CC52F7067}.Release|Any CPU.ActiveCfg = Release|Any CPU
		{DBA3A57D-570C-4266-8DC1-899CC52F7067}.Release|Any CPU.Build.0 = Release|Any CPU
		{0E6DB0D7-663F-4EE8-92C7-FC509479785D}.Debug|Any CPU.ActiveCfg = Debug|Any CPU
		{0E6DB0D7-663F-4EE8-92C7-FC509479785D}.Debug|Any CPU.Build.0 = Debug|Any CPU
		{0E6DB0D7-663F-4EE8-92C7-FC509479785D}.Release|Any CPU.ActiveCfg = Release|Any CPU
		{0E6DB0D7-663F-4EE8-92C7-FC509479785D}.Release|Any CPU.Build.0 = Release|Any CPU
		{D7ED4A74-5F5F-4828-94AF-DA1089B8A3EE}.Debug|Any CPU.ActiveCfg = Debug|Any CPU
		{D7ED4A74-5F5F-4828-94AF-DA1089B8A3EE}.Debug|Any CPU.Build.0 = Debug|Any CPU
		{D7ED4A74-5F5F-4828-94AF-DA1089B8A3EE}.Release|Any CPU.ActiveCfg = Release|Any CPU
		{D7ED4A74-5F5F-4828-94AF-DA1089B8A3EE}.Release|Any CPU.Build.0 = Release|Any CPU
	EndGlobalSection
	GlobalSection(SolutionProperties) = preSolution
		HideSolutionNode = FALSE
	EndGlobalSection
	GlobalSection(ExtensibilityGlobals) = postSolution
		SolutionGuid = {7DF3167E-34F9-4710-836E-E791B26BCC55}
	EndGlobalSection
EndGlobal
